{
  "name": "use",
  "version": "1.0.0",
  "lockfileVersion": 2,
  "requires": true,
  "packages": {
    "": {
      "name": "use",
      "version": "1.0.0",
      "license": "ISC",
      "dependencies": {
        "whwh1233": "^1.0.1"
      }
    },
    "node_modules/whwh1233": {
      "version": "1.0.1",
      "resolved": "https://registry.npmjs.org/whwh1233/-/whwh1233-1.0.1.tgz",
      "integrity": "sha512-H3iY1sZIq8/DozkvpVbeiWoM7q4Lg5Ctd9m7NbxL1I7i8Ntu1Ml/4sUCaJeVinRj26xhY/9Mlq7Ato4kpmcY5g=="
    }
  },
  "dependencies": {
    "whwh1233": {
      "version": "1.0.1",
      "resolved": "https://registry.npmjs.org/whwh1233/-/whwh1233-1.0.1.tgz",
      "integrity": "sha512-H3iY1sZIq8/DozkvpVbeiWoM7q4Lg5Ctd9m7NbxL1I7i8Ntu1Ml/4sUCaJeVinRj26xhY/9Mlq7Ato4kpmcY5g=="
    }
  }
}
